
Microsoft Visual Studio Solution File, Format Version 12.00
# Visual Studio Version 16
VisualStudioVersion = 16.0.30611.23
MinimumVisualStudioVersion = 10.0.40219.1
Project("{FAE04EC0-301F-11D3-BF4B-00C04F79EFBC}") = "EducationCenter", "EducationCenter.csproj", "{2DB49167-648A-4AEB-BA64-10D7C8060092}"
EndProject
Global
	GlobalSection(SolutionConfigurationPlatforms) = preSolution
		Debug|Any CPU = Debug|Any CPU
		Release|Any CPU = Release|Any CPU
	EndGlobalSection
	GlobalSection(ProjectConfigurationPlatforms) = postSolution
		{2DB49167-648A-4AEB-BA64-10D7C8060092}.Debug|Any CPU.ActiveCfg = Debug|Any CPU
		{2DB49167-648A-4AEB-BA64-10D7C8060092}.Debug|Any CPU.Build.0 = Debug|Any CPU
		{2DB49167-648A-4AEB-BA64-10D7C8060092}.Release|Any CPU.ActiveCfg = Release|Any CPU
		{2DB49167-648A-4AEB-BA64-10D7C8060092}.Release|Any CPU.Build.0 = Release|Any CPU
	EndGlobalSection
	GlobalSection(SolutionProperties) = preSolution
		HideSolutionNode = FALSE
	EndGlobalSection
	GlobalSection(ExtensibilityGlobals) = postSolution
		SolutionGuid = {4A54B3BA-51AA-430F-A9ED-8C36E61EF175}
	EndGlobalSection
EndGlobal
